
Microsoft Visual Studio Solution File, Format Version 12.00
# Visual Studio Version 17
VisualStudioVersion = 17.2.32616.157
MinimumVisualStudioVersion = 10.0.40219.1
Project("{9A19103F-16F7-4668-BE54-9A1E7A4F7556}") = "Archipelago.MultiClient.Net", "Archipelago.MultiClient.Net\Archipelago.MultiClient.Net.csproj", "{35A803AD-85ED-42E9-B1E3-C6B72096F0C1}"
EndProject
Project("{9A19103F-16F7-4668-BE54-9A1E7A4F7556}") = "Archipelago.MultiClient.Net.Tests", "Archipelago.MultiClient.Net.Tests\Archipelago.MultiClient.Net.Tests.csproj", "{BD1C42B9-FCAF-41FB-8682-65DD4AED3C62}"
	ProjectSection(ProjectDependencies) = postProject
		{35A803AD-85ED-42E9-B1E3-C6B72096F0C1} = {35A803AD-85ED-42E9-B1E3-C6B72096F0C1}
	EndProjectSection
EndProject
Project("{2150E333-8FDC-42A3-9474-1A3956D46DE8}") = "Solution Items", "Solution Items", "{91CC2CBA-B904-460F-A030-52056922E300}"
	ProjectSection(SolutionItems) = preProject
		.editorconfig = .editorconfig
		.gitignore = .gitignore
		LICENSE.txt = LICENSE.txt
		README.md = README.md
	EndProjectSection
EndProject
Global
	GlobalSection(SolutionConfigurationPlatforms) = preSolution
		Debug|Any CPU = Debug|Any CPU
		Release|Any CPU = Release|Any CPU
	EndGlobalSection
	GlobalSection(ProjectConfigurationPlatforms) = postSolution
		{35A803AD-85ED-42E9-B1E3-C6B72096F0C1}.Debug|Any CPU.ActiveCfg = Debug|Any CPU
		{35A803AD-85ED-42E9-B1E3-C6B72096F0C1}.Debug|Any CPU.Build.0 = Debug|Any CPU
		{35A803AD-85ED-42E9-B1E3-C6B72096F0C1}.Release|Any CPU.ActiveCfg = Release|Any CPU
		{35A803AD-85ED-42E9-B1E3-C6B72096F0C1}.Release|Any CPU.Build.0 = Release|Any CPU
		{BD1C42B9-FCAF-41FB-8682-65DD4AED3C62}.Debug|Any CPU.ActiveCfg = Debug|Any CPU
		{BD1C42B9-FCAF-41FB-8682-65DD4AED3C62}.Debug|Any CPU.Build.0 = Debug|Any CPU
		{BD1C42B9-FCAF-41FB-8682-65DD4AED3C62}.Release|Any CPU.ActiveCfg = Release|Any CPU
		{BD1C42B9-FCAF-41FB-8682-65DD4AED3C62}.Release|Any CPU.Build.0 = Release|Any CPU
	EndGlobalSection
	GlobalSection(SolutionProperties) = preSolution
		HideSolutionNode = FALSE
	EndGlobalSection
	GlobalSection(ExtensibilityGlobals) = postSolution
		SolutionGuid = {F4F3F815-512E-4DB7-8A31-6279B2034172}
	EndGlobalSection
EndGlobal
